// !$*UTF8*$!
{
	archiveVersion = 1;
	classes = {
	};
	objectVersion = 46;
	objects = {

/* Begin PBXBuildFile section */
		5166C9D71ECFA90100C2E16A /* AppDelegate.swift in Sources */ = {isa = PBXBuildFile; fileRef = 5166C9D61ECFA90100C2E16A /* AppDelegate.swift */; };
		5166C9D91ECFA90100C2E16A /* ViewController.swift in Sources */ = {isa = PBXBuildFile; fileRef = 5166C9D81ECFA90100C2E16A /* ViewController.swift */; };
		5166C9DC1ECFA90100C2E16A /* Main.storyboard in Resources */ = {isa = PBXBuildFile; fileRef = 5166C9DA1ECFA90100C2E16A /* Main.storyboard */; };
		5166C9DE1ECFA90100C2E16A /* Assets.xcassets in Resources */ = {isa = PBXBuildFile; fileRef = 5166C9DD1ECFA90100C2E16A /* Assets.xcassets */; };
		5166C9E11ECFA90100C2E16A /* LaunchScreen.storyboard in Resources */ = {isa = PBXBuildFile; fileRef = 5166C9DF1ECFA90100C2E16A /* LaunchScreen.storyboard */; };
/* End PBXBuildFile section */

/* Begin PBXFileReference section */
		5166C9D31ECFA90100C2E16A /* reactExperiment.app */ = {isa = PBXFileReference; explicitFileType = wrapper.application; includeInIndex = 0; path = reactExperiment.app; sourceTree = BUILT_PRODUCTS_DIR; };
		5166C9D61ECFA90100C2E16A /* AppDelegate.swift */ = {isa = PBXFileReference; lastKnownFileType = sourcecode.swift; path = AppDelegate.swift; sourceTree = "<group>"; };
		5166C9D81ECFA90100C2E16A /* ViewController.swift */ = {isa = PBXFileReference; lastKnownFileType = sourcecode.swift; path = ViewController.swift; sourceTree = "<group>"; };
		5166C9DB1ECFA90100C2E16A /* Base */ = {isa = PBXFileReference; lastKnownFileType = file.storyboard; name = Base; path = Base.lproj/Main.storyboard; sourceTree = "<group>"; };
		5166C9DD1ECFA90100C2E16A /* Assets.xcassets */ = {isa = PBXFileReference; lastKnownFileType = folder.assetcatalog; path = Assets.xcassets; sourceTree = "<group>"; };
		5166C9E01ECFA90100C2E16A /* Base */ = {isa = PBXFileReference; lastKnownFileType = file.storyboard; name = Base; path = Base.lproj/LaunchScreen.storyboard; sourceTree = "<group>"; };
		5166C9E21ECFA90100C2E16A /* Info.plist */ = {isa = PBXFileReference; lastKnownFileType = text.plist.xml; path = Info.plist; sourceTree = "<group>"; };
/* End PBXFileReference section */

/* Begin PBXFrameworksBuildPhase section */
		5166C9D01ECFA90100C2E16A /* Frameworks */ = {
			isa = PBXFrameworksBuildPhase;
			buildActionMask = 2147483647;
			files = (
			);
			runOnlyForDeploymentPostprocessing = 0;
		};
/* End PBXFrameworksBuildPhase section */

/* Begin PBXGroup section */
		5166C9CA1ECFA90100C2E16A = {
			isa = PBXGroup;
			children = (
				5166C9D51ECFA90100C2E16A /* reactExperiment */,
				5166C9D41ECFA90100C2E16A /* Products */,
			);
			sourceTree = "<group>";
		};
		5166C9D41ECFA90100C2E16A /* Products */ = {
			isa = PBXGroup;
			children = (
				5166C9D31ECFA90100C2E16A /* reactExperiment.app */,
			);
			name = Products;
			sourceTree = "<group>";
		};
		5166C9D51ECFA90100C2E16A /* reactExperiment */ = {
			isa = PBXGroup;
			children = (
				5166C9D61ECFA90100C2E16A /* AppDelegate.swift */,
				5166C9D81ECFA90100C2E16A /* ViewController.swift */,
				5166C9DA1ECFA90100C2E16A /* Main.storyboard */,
				5166C9DD1ECFA90100C2E16A /* Assets.xcassets */,
				5166C9DF1ECFA90100C2E16A /* LaunchScreen.storyboard */,
				5166C9E21ECFA90100C2E16A /* Info.plist */,
			);
			path = reactExperiment;
			sourceTree = "<group>";
		};
/* End PBXGroup section */

/* Begin PBXNativeTarget section */
		5166C9D21ECFA90100C2E16A /* reactExperiment */ = {
			isa = PBXNativeTarget;
			buildConfigurationList = 5166C9E51ECFA90100C2E16A /* Build configuration list for PBXNativeTarget "reactExperiment" */;
			buildPhases = (
				5166C9CF1ECFA90100C2E16A /* Sources */,
				5166C9D01ECFA90100C2E16A /* Frameworks */,
				5166C9D11ECFA90100C2E16A /* Resources */,
			);
			buildRules = (
			);
			dependencies = (
			);
			name = reactExperiment;
			productName = reactExperiment;
			productReference = 5166C9D31ECFA90100C2E16A /* reactExperiment.app */;
			productType = "com.apple.product-type.application";
		};
/* End PBXNativeTarget section */

/* Begin PBXProject section */
		5166C9CB1ECFA90100C2E16A /* Project object */ = {
			isa = PBXProject;
			attributes = {
				LastSwiftUpdateCheck = 0830;
				LastUpgradeCheck = 0830;
				ORGANIZATIONNAME = Vatsalr23;
				TargetAttributes = {
					5166C9D21ECFA90100C2E16A = {
						CreatedOnToolsVersion = 8.3.2;
						DevelopmentTeam = 9V3N2WKYT3;
						ProvisioningStyle = Automatic;
					};
				};
			};
			buildConfigurationList = 5166C9CE1ECFA90100C2E16A /* Build configuration list for PBXProject "reactExperiment" */;
			compatibilityVersion = "Xcode 3.2";
			developmentRegion = English;
			hasScannedForEncodings = 0;
			knownRegions = (
				en,
				Base,
			);
			mainGroup = 5166C9CA1ECFA90100C2E16A;
			productRefGroup = 5166C9D41ECFA90100C2E16A /* Products */;
			projectDirPath = "";
			projectRoot = "";
			targets = (
				5166C9D21ECFA90100C2E16A /* reactExperiment */,
			);
		};
/* End PBXProject section */

/* Begin PBXResourcesBuildPhase section */
		5166C9D11ECFA90100C2E16A /* Resources */ = {
			isa = PBXResourcesBuildPhase;
			buildActionMask = 2147483647;
			files = (
				5166C9E11ECFA90100C2E16A /* LaunchScreen.storyboard in Resources */,
				5166C9DE1ECFA90100C2E16A /* Assets.xcassets in Resources */,
				5166C9DC1ECFA90100C2E16A /* Main.storyboard in Resources */,
			);
			runOnlyForDeploymentPostprocessing = 0;
		};
/* End PBXResourcesBuildPhase section */

/* Begin PBXSourcesBuildPhase section */
		5166C9CF1ECFA90100C2E16A /* Sources */ = {
			isa = PBXSourcesBuildPhase;
			buildActionMask = 2147483647;
			files = (
				5166C9D91ECFA90100C2E16A /* ViewController.swift in Sources */,
				5166C9D71ECFA90100C2E16A /* AppDelegate.swift in Sources */,
			);
			runOnlyForDeploymentPostprocessing = 0;
		};
/* End PBXSourcesBuildPhase section */

/* Begin PBXVariantGroup section */
		5166C9DA1ECFA90100C2E16A /* Main.storyboard */ = {
			isa = PBXVariantGroup;
			children = (
				5166C9DB1ECFA90100C2E16A /* Base */,
			);
			name = Main.storyboard;
			sourceTree = "<group>";
		};
		5166C9DF1ECFA90100C2E16A /* LaunchScreen.storyboard */ = {
			isa = PBXVariantGroup;
			children = (
				5166C9E01ECFA90100C2E16A /* Base */,
			);
			name = LaunchScreen.storyboard;
			sourceTree = "<group>";
		};
/* End PBXVariantGroup section */

/* Begin XCBuildConfiguration section */
		5166C9E31ECFA90100C2E16A /* Debug */ = {
			isa = XCBuildConfiguration;
			buildSettings = {
				ALWAYS_SEARCH_USER_PATHS = NO;
				CLANG_ANALYZER_NONNULL = YES;
				CLANG_ANALYZER_NUMBER_OBJECT_CONVERSION = YES_AGGRESSIVE;
				CLANG_CXX_LANGUAGE_STANDARD = "gnu++0x";
				CLANG_CXX_LIBRARY = "libc++";
				CLANG_ENABLE_MODULES = YES;
				CLANG_ENABLE_OBJC_ARC = YES;
				CLANG_WARN_BOOL_CONVERSION = YES;
				CLANG_WARN_CONSTANT_CONVERSION = YES;
				CLANG_WARN_DIRECT_OBJC_ISA_USAGE = YES_ERROR;
				CLANG_WARN_DOCUMENTATION_COMMENTS = YES;
				CLANG_WARN_EMPTY_BODY = YES;
				CLANG_WARN_ENUM_CONVERSION = YES;
				CLANG_WARN_INFINITE_RECURSION = YES;
				CLANG_WARN_INT_CONVERSION = YES;
				CLANG_WARN_OBJC_ROOT_CLASS = YES_ERROR;
				CLANG_WARN_SUSPICIOUS_MOVE = YES;
				CLANG_WARN_UNREACHABLE_CODE = YES;
				CLANG_WARN__DUPLICATE_METHOD_MATCH = YES;
				"CODE_SIGN_IDENTITY[sdk=iphoneos*]" = "iPhone Developer";
				COPY_PHASE_STRIP = NO;
				DEBUG_INFORMATION_FORMAT = dwarf;
				ENABLE_STRICT_OBJC_MSGSEND = YES;
				ENABLE_TESTABILITY = YES;
				GCC_C_LANGUAGE_STANDARD = gnu99;
				GCC_DYNAMIC_NO_PIC = NO;
				GCC_NO_COMMON_BLOCKS = YES;
				GCC_OPTIMIZATION_LEVEL = 0;
				GCC_PREPROCESSOR_DEFINITIONS = (
					"DEBUG=1",
					"$(inherited)",
				);
				GCC_WARN_64_TO_32_BIT_CONVERSION = YES;
				GCC_WARN_ABOUT_RETURN_TYPE = YES_ERROR;
				GCC_WARN_UNDECLARED_SELECTOR = YES;
				GCC_WARN_UNINITIALIZED_AUTOS = YES_AGGRESSIVE;
				GCC_WARN_UNUSED_FUNCTION = YES;
				GCC_WARN_UNUSED_VARIABLE = YES;
				IPHONEOS_DEPLOYMENT_TARGET = 10.3;
				MTL_ENABLE_DEBUG_INFO = YES;
				ONLY_ACTIVE_ARCH = YES;
				SDKROOT = iphoneos;
				SWIFT_ACTIVE_COMPILATION_CONDITIONS = DEBUG;
				SWIFT_OPTIMIZATION_LEVEL = "-Onone";
				TARGETED_DEVICE_FAMILY = "1,2";
			};
			name = Debug;
		};
		5166C9E41ECFA90100C2E16A /* Release */ = {
			isa = XCBuildConfiguration;
			buildSettings = {
				ALWAYS_SEARCH_USER_PATHS = NO;
				CLANG_ANALYZER_NONNULL = YES;
				CLANG_ANALYZER_NUMBER_OBJECT_CONVERSION = YES_AGGRESSIVE;
				CLANG_CXX_LANGUAGE_STANDARD = "gnu++0x";
				CLANG_CXX_LIBRARY = "libc++";
				CLANG_ENABLE_MODULES = YES;
				CLANG_ENABLE_OBJC_ARC = YES;
				CLANG_WARN_BOOL_CONVERSION = YES;
				CLANG_WARN_CONSTANT_CONVERSION = YES;
				CLANG_WARN_DIRECT_OBJC_ISA_USAGE = YES_ERROR;
				CLANG_WARN_DOCUMENTATION_COMMENTS = YES;
				CLANG_WARN_EMPTY_BODY = YES;
				CLANG_WARN_ENUM_CONVERSION = YES;
				CLANG_WARN_INFINITE_RECURSION = YES;
				CLANG_WARN_INT_CONVERSION = YES;
				CLANG_WARN_OBJC_ROOT_CLASS = YES_ERROR;
				CLANG_WARN_SUSPICIOUS_MOVE = YES;
				CLANG_WARN_UNREACHABLE_CODE = YES;
				CLANG_WARN__DUPLICATE_METHOD_MATCH = YES;
				"CODE_SIGN_IDENTITY[sdk=iphoneos*]" = "iPhone Developer";
				COPY_PHASE_STRIP = NO;
				DEBUG_INFORMATION_FORMAT = "dwarf-with-dsym";
				ENABLE_NS_ASSERTIONS = NO;
				ENABLE_STRICT_OBJC_MSGSEND = YES;
				GCC_C_LANGUAGE_STANDARD = gnu99;
				GCC_NO_COMMON_BLOCKS = YES;
				GCC_WARN_64_TO_32_BIT_CONVERSION = YES;
				GCC_WARN_ABOUT_RETURN_TYPE = YES_ERROR;
				GCC_WARN_UNDECLARED_SELECTOR = YES;
				GCC_WARN_UNINITIALIZED_AUTOS = YES_AGGRESSIVE;
				GCC_WARN_UNUSED_FUNCTION = YES;
				GCC_WARN_UNUSED_VARIABLE = YES;
				IPHONEOS_DEPLOYMENT_TARGET = 10.3;
				MTL_ENABLE_DEBUG_INFO = NO;
				SDKROOT = iphoneos;
				SWIFT_OPTIMIZATION_LEVEL = "-Owholemodule";
				TARGETED_DEVICE_FAMILY = "1,2";
				VALIDATE_PRODUCT = YES;
			};
			name = Release;
		};
		5166C9E61ECFA90100C2E16A /* Debug */ = {
			isa = XCBuildConfiguration;
			buildSettings = {
				ASSETCATALOG_COMPILER_APPICON_NAME = AppIcon;
				DEVELOPMENT_TEAM = 9V3N2WKYT3;
				INFOPLIST_FILE = reactExperiment/Info.plist;
				LD_RUNPATH_SEARCH_PATHS = "$(inherited) @executable_path/Frameworks";
				PRODUCT_BUNDLE_IDENTIFIER = vatsalr23.reactExperiment;
				PRODUCT_NAME = "$(TARGET_NAME)";
				SWIFT_VERSION = 3.0;
			};
			name = Debug;
		};
		5166C9E71ECFA90100C2E16A /* Release */ = {
			isa = XCBuildConfiguration;
			buildSettings = {
				ASSETCATALOG_COMPILER_APPICON_NAME = AppIcon;
				DEVELOPMENT_TEAM = 9V3N2WKYT3;
				INFOPLIST_FILE = reactExperiment/Info.plist;
				LD_RUNPATH_SEARCH_PATHS = "$(inherited) @executable_path/Frameworks";
				PRODUCT_BUNDLE_IDENTIFIER = vatsalr23.reactExperiment;
				PRODUCT_NAME = "$(TARGET_NAME)";
				SWIFT_VERSION = 3.0;
			};
			name = Release;
		};
/* End XCBuildConfiguration section */

/* Begin XCConfigurationList section */
		5166C9CE1ECFA90100C2E16A /* Build configuration list for PBXProject "reactExperiment" */ = {
			isa = XCConfigurationList;
			buildConfigurations = (
				5166C9E31ECFA90100C2E16A /* Debug */,
				5166C9E41ECFA90100C2E16A /* Release */,
			);
			defaultConfigurationIsVisible = 0;
			defaultConfigurationName = Release;
		};
		5166C9E51ECFA90100C2E16A /* Build configuration list for PBXNativeTarget "reactExperiment" */ = {
			isa = XCConfigurationList;
			buildConfigurations = (
				5166C9E61ECFA90100C2E16A /* Debug */,
				5166C9E71ECFA90100C2E16A /* Release */,
			);
			defaultConfigurationIsVisible = 0;
		};
/* End XCConfigurationList section */
	};
	rootObject = 5166C9CB1ECFA90100C2E16A /* Project object */;
}
